
Microsoft Visual Studio Solution File, Format Version 12.00
# Visual Studio Version 17
VisualStudioVersion = 17.11.35219.272
MinimumVisualStudioVersion = 10.0.40219.1
Project("{FAE04EC0-301F-11D3-BF4B-00C04F79EFBC}") = "ProyectoFinal", "ProyectoFinal\ProyectoFinal.csproj", "{A34FC2D2-CF78-4DA6-BD98-C924E2634175}"
EndProject
Global
	GlobalSection(SolutionConfigurationPlatforms) = preSolution
		Debug|Any CPU = Debug|Any CPU
		Release|Any CPU = Release|Any CPU
	EndGlobalSection
	GlobalSection(ProjectConfigurationPlatforms) = postSolution
		{A34FC2D2-CF78-4DA6-BD98-C924E2634175}.Debug|Any CPU.ActiveCfg = Debug|Any CPU
		{A34FC2D2-CF78-4DA6-BD98-C924E2634175}.Debug|Any CPU.Build.0 = Debug|Any CPU
		{A34FC2D2-CF78-4DA6-BD98-C924E2634175}.Release|Any CPU.ActiveCfg = Release|Any CPU
		{A34FC2D2-CF78-4DA6-BD98-C924E2634175}.Release|Any CPU.Build.0 = Release|Any CPU
	EndGlobalSection
	GlobalSection(SolutionProperties) = preSolution
		HideSolutionNode = FALSE
	EndGlobalSection
	GlobalSection(ExtensibilityGlobals) = postSolution
		SolutionGuid = {1DCBC589-A6C5-447F-B626-0A4D1F388501}
	EndGlobalSection
EndGlobal
